
Microsoft Visual Studio Solution File, Format Version 12.00
# Visual Studio Version 17
VisualStudioVersion = 17.1.32328.378
MinimumVisualStudioVersion = 10.0.40219.1
Project("{FAE04EC0-301F-11D3-BF4B-00C04F79EFBC}") = "CSharpLesson2", "CSharpLesson2\CSharpLesson2.csproj", "{A1F69183-215E-441E-8770-0E129E3FB204}"
EndProject
Global
	GlobalSection(SolutionConfigurationPlatforms) = preSolution
		Debug|Any CPU = Debug|Any CPU
		Release|Any CPU = Release|Any CPU
	EndGlobalSection
	GlobalSection(ProjectConfigurationPlatforms) = postSolution
		{A1F69183-215E-441E-8770-0E129E3FB204}.Debug|Any CPU.ActiveCfg = Debug|Any CPU
		{A1F69183-215E-441E-8770-0E129E3FB204}.Debug|Any CPU.Build.0 = Debug|Any CPU
		{A1F69183-215E-441E-8770-0E129E3FB204}.Release|Any CPU.ActiveCfg = Release|Any CPU
		{A1F69183-215E-441E-8770-0E129E3FB204}.Release|Any CPU.Build.0 = Release|Any CPU
	EndGlobalSection
	GlobalSection(SolutionProperties) = preSolution
		HideSolutionNode = FALSE
	EndGlobalSection
	GlobalSection(ExtensibilityGlobals) = postSolution
		SolutionGuid = {00FECF42-563E-4265-B4A0-E6B0D3023DE1}
	EndGlobalSection
EndGlobal
